// !$*UTF8*$!
{
	archiveVersion = 1;
	classes = {
	};
	objectVersion = 50;
	objects = {

/* Begin PBXBuildFile section */
		F81F20B2265DEB8E00D299D9 /* CodeTextView.swift in Sources */ = {isa = PBXBuildFile; fileRef = F81F20B1265DEB8E00D299D9 /* CodeTextView.swift */; };
		F830DC5F26267DF4007EF684 /* LearningApp.swift in Sources */ = {isa = PBXBuildFile; fileRef = F830DC5E26267DF4007EF684 /* LearningApp.swift */; };
		F830DC6126267DF4007EF684 /* HomeView.swift in Sources */ = {isa = PBXBuildFile; fileRef = F830DC6026267DF4007EF684 /* HomeView.swift */; };
		F830DC6326267DF4007EF684 /* Assets.xcassets in Resources */ = {isa = PBXBuildFile; fileRef = F830DC6226267DF4007EF684 /* Assets.xcassets */; };
		F830DC6626267DF4007EF684 /* Preview Assets.xcassets in Resources */ = {isa = PBXBuildFile; fileRef = F830DC6526267DF4007EF684 /* Preview Assets.xcassets */; };
		F830DC7F2626832D007EF684 /* Model.swift in Sources */ = {isa = PBXBuildFile; fileRef = F830DC7E2626832D007EF684 /* Model.swift */; };
		F830DC87262687ED007EF684 /* ContentModel.swift in Sources */ = {isa = PBXBuildFile; fileRef = F830DC86262687ED007EF684 /* ContentModel.swift */; };
		F84E50242650972900298F9E /* ContentDetailView.swift in Sources */ = {isa = PBXBuildFile; fileRef = F84E50232650972900298F9E /* ContentDetailView.swift */; };
		F84E502826509A7500298F9E /* AVKit.framework in Frameworks */ = {isa = PBXBuildFile; fileRef = F84E502726509A7500298F9E /* AVKit.framework */; };
		F84E502A26509C0700298F9E /* Constants.swift in Sources */ = {isa = PBXBuildFile; fileRef = F84E502926509C0700298F9E /* Constants.swift */; };
		F859679C2648CF4300E7A872 /* ContentView.swift in Sources */ = {isa = PBXBuildFile; fileRef = F859679B2648CF4300E7A872 /* ContentView.swift */; };
		F8603A4A263DEF5600FEC22C /* style.html in Resources */ = {isa = PBXBuildFile; fileRef = F830DC7826267EFB007EF684 /* style.html */; };
		F87CDBA3263DF3AB00C67176 /* data.json in Resources */ = {isa = PBXBuildFile; fileRef = F87CDBA2263DF3AB00C67176 /* data.json */; };
		F89C633C264A333200F9EE17 /* ContentViewRow.swift in Sources */ = {isa = PBXBuildFile; fileRef = F89C633B264A333200F9EE17 /* ContentViewRow.swift */; };
		F8C917522661C72D00BCE61C /* RectangleCard.swift in Sources */ = {isa = PBXBuildFile; fileRef = F8C917512661C72D00BCE61C /* RectangleCard.swift */; };
		F8E2AC63264851C100A4B078 /* HomeViewRow.swift in Sources */ = {isa = PBXBuildFile; fileRef = F8E2AC62264851C100A4B078 /* HomeViewRow.swift */; };
/* End PBXBuildFile section */

/* Begin PBXFileReference section */
		F81F20B1265DEB8E00D299D9 /* CodeTextView.swift */ = {isa = PBXFileReference; lastKnownFileType = sourcecode.swift; path = CodeTextView.swift; sourceTree = "<group>"; };
		F830DC5B26267DF4007EF684 /* LearningApp.app */ = {isa = PBXFileReference; explicitFileType = wrapper.application; includeInIndex = 0; path = LearningApp.app; sourceTree = BUILT_PRODUCTS_DIR; };
		F830DC5E26267DF4007EF684 /* LearningApp.swift */ = {isa = PBXFileReference; lastKnownFileType = sourcecode.swift; path = LearningApp.swift; sourceTree = "<group>"; };
		F830DC6026267DF4007EF684 /* HomeView.swift */ = {isa = PBXFileReference; lastKnownFileType = sourcecode.swift; path = HomeView.swift; sourceTree = "<group>"; };
		F830DC6226267DF4007EF684 /* Assets.xcassets */ = {isa = PBXFileReference; lastKnownFileType = folder.assetcatalog; path = Assets.xcassets; sourceTree = "<group>"; };
		F830DC6526267DF4007EF684 /* Preview Assets.xcassets */ = {isa = PBXFileReference; lastKnownFileType = folder.assetcatalog; path = "Preview Assets.xcassets"; sourceTree = "<group>"; };
		F830DC6726267DF4007EF684 /* Info.plist */ = {isa = PBXFileReference; lastKnownFileType = text.plist.xml; path = Info.plist; sourceTree = "<group>"; };
		F830DC7826267EFB007EF684 /* style.html */ = {isa = PBXFileReference; fileEncoding = 4; lastKnownFileType = text.html; name = style.html; path = /Users/sodhis/Desktop/GurpreetXCode/LearningApp/LearningApp/Data/style.html; sourceTree = "<absolute>"; };
		F830DC7E2626832D007EF684 /* Model.swift */ = {isa = PBXFileReference; lastKnownFileType = sourcecode.swift; path = Model.swift; sourceTree = "<group>"; };
		F830DC86262687ED007EF684 /* ContentModel.swift */ = {isa = PBXFileReference; lastKnownFileType = sourcecode.swift; path = ContentModel.swift; sourceTree = "<group>"; };
		F84E50232650972900298F9E /* ContentDetailView.swift */ = {isa = PBXFileReference; lastKnownFileType = sourcecode.swift; path = ContentDetailView.swift; sourceTree = "<group>"; };
		F84E502726509A7500298F9E /* AVKit.framework */ = {isa = PBXFileReference; lastKnownFileType = wrapper.framework; name = AVKit.framework; path = System/Library/Frameworks/AVKit.framework; sourceTree = SDKROOT; };
		F84E502926509C0700298F9E /* Constants.swift */ = {isa = PBXFileReference; lastKnownFileType = sourcecode.swift; path = Constants.swift; sourceTree = "<group>"; };
		F859679B2648CF4300E7A872 /* ContentView.swift */ = {isa = PBXFileReference; lastKnownFileType = sourcecode.swift; path = ContentView.swift; sourceTree = "<group>"; };
		F87CDBA2263DF3AB00C67176 /* data.json */ = {isa = PBXFileReference; lastKnownFileType = text.json; path = data.json; sourceTree = "<group>"; };
		F89C633B264A333200F9EE17 /* ContentViewRow.swift */ = {isa = PBXFileReference; lastKnownFileType = sourcecode.swift; path = ContentViewRow.swift; sourceTree = "<group>"; };
		F8C917512661C72D00BCE61C /* RectangleCard.swift */ = {isa = PBXFileReference; lastKnownFileType = sourcecode.swift; path = RectangleCard.swift; sourceTree = "<group>"; };
		F8E2AC62264851C100A4B078 /* HomeViewRow.swift */ = {isa = PBXFileReference; lastKnownFileType = sourcecode.swift; path = HomeViewRow.swift; sourceTree = "<group>"; };
/* End PBXFileReference section */

/* Begin PBXFrameworksBuildPhase section */
		F830DC5826267DF4007EF684 /* Frameworks */ = {
			isa = PBXFrameworksBuildPhase;
			buildActionMask = 2147483647;
			files = (
				F84E502826509A7500298F9E /* AVKit.framework in Frameworks */,
			);
			runOnlyForDeploymentPostprocessing = 0;
		};
/* End PBXFrameworksBuildPhase section */

/* Begin PBXGroup section */
		F830DC5226267DF4007EF684 = {
			isa = PBXGroup;
			children = (
				F830DC5D26267DF4007EF684 /* LearningApp */,
				F830DC5C26267DF4007EF684 /* Products */,
				F84E502626509A7500298F9E /* Frameworks */,
			);
			sourceTree = "<group>";
		};
		F830DC5C26267DF4007EF684 /* Products */ = {
			isa = PBXGroup;
			children = (
				F830DC5B26267DF4007EF684 /* LearningApp.app */,
			);
			name = Products;
			sourceTree = "<group>";
		};
		F830DC5D26267DF4007EF684 /* LearningApp */ = {
			isa = PBXGroup;
			children = (
				F830DC5E26267DF4007EF684 /* LearningApp.swift */,
				F830DC852626879D007EF684 /* Views */,
				F830DC8426268772007EF684 /* ViewModels */,
				F830DC7D26268307007EF684 /* Models */,
				F830DC6226267DF4007EF684 /* Assets.xcassets */,
				F830DC6726267DF4007EF684 /* Info.plist */,
				F830DC7626267EE0007EF684 /* Data */,
				F830DC822626866B007EF684 /* Helpers */,
				F830DC6426267DF4007EF684 /* Preview Content */,
			);
			path = LearningApp;
			sourceTree = "<group>";
		};
		F830DC6426267DF4007EF684 /* Preview Content */ = {
			isa = PBXGroup;
			children = (
				F830DC6526267DF4007EF684 /* Preview Assets.xcassets */,
			);
			path = "Preview Content";
			sourceTree = "<group>";
		};
		F830DC7626267EE0007EF684 /* Data */ = {
			isa = PBXGroup;
			children = (
				F830DC7826267EFB007EF684 /* style.html */,
				F87CDBA2263DF3AB00C67176 /* data.json */,
				F84E502926509C0700298F9E /* Constants.swift */,
			);
			path = Data;
			sourceTree = "<group>";
		};
		F830DC7D26268307007EF684 /* Models */ = {
			isa = PBXGroup;
			children = (
				F830DC7E2626832D007EF684 /* Model.swift */,
			);
			path = Models;
			sourceTree = "<group>";
		};
		F830DC822626866B007EF684 /* Helpers */ = {
			isa = PBXGroup;
			children = (
			);
			path = Helpers;
			sourceTree = "<group>";
		};
		F830DC8426268772007EF684 /* ViewModels */ = {
			isa = PBXGroup;
			children = (
				F830DC86262687ED007EF684 /* ContentModel.swift */,
			);
			path = ViewModels;
			sourceTree = "<group>";
		};
		F830DC852626879D007EF684 /* Views */ = {
			isa = PBXGroup;
			children = (
				F830DC6026267DF4007EF684 /* HomeView.swift */,
				F8E2AC62264851C100A4B078 /* HomeViewRow.swift */,
				F859679B2648CF4300E7A872 /* ContentView.swift */,
				F89C633B264A333200F9EE17 /* ContentViewRow.swift */,
				F84E50232650972900298F9E /* ContentDetailView.swift */,
				F81F20B1265DEB8E00D299D9 /* CodeTextView.swift */,
				F8C917512661C72D00BCE61C /* RectangleCard.swift */,
			);
			path = Views;
			sourceTree = "<group>";
		};
		F84E502626509A7500298F9E /* Frameworks */ = {
			isa = PBXGroup;
			children = (
				F84E502726509A7500298F9E /* AVKit.framework */,
			);
			name = Frameworks;
			sourceTree = "<group>";
		};
/* End PBXGroup section */

/* Begin PBXNativeTarget section */
		F830DC5A26267DF4007EF684 /* LearningApp */ = {
			isa = PBXNativeTarget;
			buildConfigurationList = F830DC6A26267DF4007EF684 /* Build configuration list for PBXNativeTarget "LearningApp" */;
			buildPhases = (
				F830DC5726267DF4007EF684 /* Sources */,
				F830DC5826267DF4007EF684 /* Frameworks */,
				F830DC5926267DF4007EF684 /* Resources */,
			);
			buildRules = (
			);
			dependencies = (
			);
			name = LearningApp;
			productName = LearningApp;
			productReference = F830DC5B26267DF4007EF684 /* LearningApp.app */;
			productType = "com.apple.product-type.application";
		};
/* End PBXNativeTarget section */

/* Begin PBXProject section */
		F830DC5326267DF4007EF684 /* Project object */ = {
			isa = PBXProject;
			attributes = {
				LastSwiftUpdateCheck = 1240;
				LastUpgradeCheck = 1240;
				TargetAttributes = {
					F830DC5A26267DF4007EF684 = {
						CreatedOnToolsVersion = 12.4;
					};
				};
			};
			buildConfigurationList = F830DC5626267DF4007EF684 /* Build configuration list for PBXProject "LearningApp" */;
			compatibilityVersion = "Xcode 9.3";
			developmentRegion = en;
			hasScannedForEncodings = 0;
			knownRegions = (
				en,
				Base,
			);
			mainGroup = F830DC5226267DF4007EF684;
			productRefGroup = F830DC5C26267DF4007EF684 /* Products */;
			projectDirPath = "";
			projectRoot = "";
			targets = (
				F830DC5A26267DF4007EF684 /* LearningApp */,
			);
		};
/* End PBXProject section */

/* Begin PBXResourcesBuildPhase section */
		F830DC5926267DF4007EF684 /* Resources */ = {
			isa = PBXResourcesBuildPhase;
			buildActionMask = 2147483647;
			files = (
				F830DC6626267DF4007EF684 /* Preview Assets.xcassets in Resources */,
				F8603A4A263DEF5600FEC22C /* style.html in Resources */,
				F87CDBA3263DF3AB00C67176 /* data.json in Resources */,
				F830DC6326267DF4007EF684 /* Assets.xcassets in Resources */,
			);
			runOnlyForDeploymentPostprocessing = 0;
		};
/* End PBXResourcesBuildPhase section */

/* Begin PBXSourcesBuildPhase section */
		F830DC5726267DF4007EF684 /* Sources */ = {
			isa = PBXSourcesBuildPhase;
			buildActionMask = 2147483647;
			files = (
				F830DC7F2626832D007EF684 /* Model.swift in Sources */,
				F8E2AC63264851C100A4B078 /* HomeViewRow.swift in Sources */,
				F859679C2648CF4300E7A872 /* ContentView.swift in Sources */,
				F84E50242650972900298F9E /* ContentDetailView.swift in Sources */,
				F830DC87262687ED007EF684 /* ContentModel.swift in Sources */,
				F89C633C264A333200F9EE17 /* ContentViewRow.swift in Sources */,
				F81F20B2265DEB8E00D299D9 /* CodeTextView.swift in Sources */,
				F830DC6126267DF4007EF684 /* HomeView.swift in Sources */,
				F830DC5F26267DF4007EF684 /* LearningApp.swift in Sources */,
				F8C917522661C72D00BCE61C /* RectangleCard.swift in Sources */,
				F84E502A26509C0700298F9E /* Constants.swift in Sources */,
			);
			runOnlyForDeploymentPostprocessing = 0;
		};
/* End PBXSourcesBuildPhase section */

/* Begin XCBuildConfiguration section */
		F830DC6826267DF4007EF684 /* Debug */ = {
			isa = XCBuildConfiguration;
			buildSettings = {
				ALWAYS_SEARCH_USER_PATHS = NO;
				CLANG_ANALYZER_NONNULL = YES;
				CLANG_ANALYZER_NUMBER_OBJECT_CONVERSION = YES_AGGRESSIVE;
				CLANG_CXX_LANGUAGE_STANDARD = "gnu++14";
				CLANG_CXX_LIBRARY = "libc++";
				CLANG_ENABLE_MODULES = YES;
				CLANG_ENABLE_OBJC_ARC = YES;
				CLANG_ENABLE_OBJC_WEAK = YES;
				CLANG_WARN_BLOCK_CAPTURE_AUTORELEASING = YES;
				CLANG_WARN_BOOL_CONVERSION = YES;
				CLANG_WARN_COMMA = YES;
				CLANG_WARN_CONSTANT_CONVERSION = YES;
				CLANG_WARN_DEPRECATED_OBJC_IMPLEMENTATIONS = YES;
				CLANG_WARN_DIRECT_OBJC_ISA_USAGE = YES_ERROR;
				CLANG_WARN_DOCUMENTATION_COMMENTS = YES;
				CLANG_WARN_EMPTY_BODY = YES;
				CLANG_WARN_ENUM_CONVERSION = YES;
				CLANG_WARN_INFINITE_RECURSION = YES;
				CLANG_WARN_INT_CONVERSION = YES;
				CLANG_WARN_NON_LITERAL_NULL_CONVERSION = YES;
				CLANG_WARN_OBJC_IMPLICIT_RETAIN_SELF = YES;
				CLANG_WARN_OBJC_LITERAL_CONVERSION = YES;
				CLANG_WARN_OBJC_ROOT_CLASS = YES_ERROR;
				CLANG_WARN_QUOTED_INCLUDE_IN_FRAMEWORK_HEADER = YES;
				CLANG_WARN_RANGE_LOOP_ANALYSIS = YES;
				CLANG_WARN_STRICT_PROTOTYPES = YES;
				CLANG_WARN_SUSPICIOUS_MOVE = YES;
				CLANG_WARN_UNGUARDED_AVAILABILITY = YES_AGGRESSIVE;
				CLANG_WARN_UNREACHABLE_CODE = YES;
				CLANG_WARN__DUPLICATE_METHOD_MATCH = YES;
				COPY_PHASE_STRIP = NO;
				DEBUG_INFORMATION_FORMAT = dwarf;
				ENABLE_STRICT_OBJC_MSGSEND = YES;
				ENABLE_TESTABILITY = YES;
				GCC_C_LANGUAGE_STANDARD = gnu11;
				GCC_DYNAMIC_NO_PIC = NO;
				GCC_NO_COMMON_BLOCKS = YES;
				GCC_OPTIMIZATION_LEVEL = 0;
				GCC_PREPROCESSOR_DEFINITIONS = (
					"DEBUG=1",
					"$(inherited)",
				);
				GCC_WARN_64_TO_32_BIT_CONVERSION = YES;
				GCC_WARN_ABOUT_RETURN_TYPE = YES_ERROR;
				GCC_WARN_UNDECLARED_SELECTOR = YES;
				GCC_WARN_UNINITIALIZED_AUTOS = YES_AGGRESSIVE;
				GCC_WARN_UNUSED_FUNCTION = YES;
				GCC_WARN_UNUSED_VARIABLE = YES;
				IPHONEOS_DEPLOYMENT_TARGET = 14.4;
				MTL_ENABLE_DEBUG_INFO = INCLUDE_SOURCE;
				MTL_FAST_MATH = YES;
				ONLY_ACTIVE_ARCH = YES;
				SDKROOT = iphoneos;
				SWIFT_ACTIVE_COMPILATION_CONDITIONS = DEBUG;
				SWIFT_OPTIMIZATION_LEVEL = "-Onone";
			};
			name = Debug;
		};
		F830DC6926267DF4007EF684 /* Release */ = {
			isa = XCBuildConfiguration;
			buildSettings = {
				ALWAYS_SEARCH_USER_PATHS = NO;
				CLANG_ANALYZER_NONNULL = YES;
				CLANG_ANALYZER_NUMBER_OBJECT_CONVERSION = YES_AGGRESSIVE;
				CLANG_CXX_LANGUAGE_STANDARD = "gnu++14";
				CLANG_CXX_LIBRARY = "libc++";
				CLANG_ENABLE_MODULES = YES;
				CLANG_ENABLE_OBJC_ARC = YES;
				CLANG_ENABLE_OBJC_WEAK = YES;
				CLANG_WARN_BLOCK_CAPTURE_AUTORELEASING = YES;
				CLANG_WARN_BOOL_CONVERSION = YES;
				CLANG_WARN_COMMA = YES;
				CLANG_WARN_CONSTANT_CONVERSION = YES;
				CLANG_WARN_DEPRECATED_OBJC_IMPLEMENTATIONS = YES;
				CLANG_WARN_DIRECT_OBJC_ISA_USAGE = YES_ERROR;
				CLANG_WARN_DOCUMENTATION_COMMENTS = YES;
				CLANG_WARN_EMPTY_BODY = YES;
				CLANG_WARN_ENUM_CONVERSION = YES;
				CLANG_WARN_INFINITE_RECURSION = YES;
				CLANG_WARN_INT_CONVERSION = YES;
				CLANG_WARN_NON_LITERAL_NULL_CONVERSION = YES;
				CLANG_WARN_OBJC_IMPLICIT_RETAIN_SELF = YES;
				CLANG_WARN_OBJC_LITERAL_CONVERSION = YES;
				CLANG_WARN_OBJC_ROOT_CLASS = YES_ERROR;
				CLANG_WARN_QUOTED_INCLUDE_IN_FRAMEWORK_HEADER = YES;
				CLANG_WARN_RANGE_LOOP_ANALYSIS = YES;
				CLANG_WARN_STRICT_PROTOTYPES = YES;
				CLANG_WARN_SUSPICIOUS_MOVE = YES;
				CLANG_WARN_UNGUARDED_AVAILABILITY = YES_AGGRESSIVE;
				CLANG_WARN_UNREACHABLE_CODE = YES;
				CLANG_WARN__DUPLICATE_METHOD_MATCH = YES;
				COPY_PHASE_STRIP = NO;
				DEBUG_INFORMATION_FORMAT = "dwarf-with-dsym";
				ENABLE_NS_ASSERTIONS = NO;
				ENABLE_STRICT_OBJC_MSGSEND = YES;
				GCC_C_LANGUAGE_STANDARD = gnu11;
				GCC_NO_COMMON_BLOCKS = YES;
				GCC_WARN_64_TO_32_BIT_CONVERSION = YES;
				GCC_WARN_ABOUT_RETURN_TYPE = YES_ERROR;
				GCC_WARN_UNDECLARED_SELECTOR = YES;
				GCC_WARN_UNINITIALIZED_AUTOS = YES_AGGRESSIVE;
				GCC_WARN_UNUSED_FUNCTION = YES;
				GCC_WARN_UNUSED_VARIABLE = YES;
				IPHONEOS_DEPLOYMENT_TARGET = 14.4;
				MTL_ENABLE_DEBUG_INFO = NO;
				MTL_FAST_MATH = YES;
				SDKROOT = iphoneos;
				SWIFT_COMPILATION_MODE = wholemodule;
				SWIFT_OPTIMIZATION_LEVEL = "-O";
				VALIDATE_PRODUCT = YES;
			};
			name = Release;
		};
		F830DC6B26267DF4007EF684 /* Debug */ = {
			isa = XCBuildConfiguration;
			buildSettings = {
				ASSETCATALOG_COMPILER_APPICON_NAME = AppIcon;
				ASSETCATALOG_COMPILER_GLOBAL_ACCENT_COLOR_NAME = AccentColor;
				CODE_SIGN_STYLE = Automatic;
				DEVELOPMENT_ASSET_PATHS = "\"LearningApp/Preview Content\"";
				DEVELOPMENT_TEAM = RUFYYWDHGV;
				ENABLE_PREVIEWS = YES;
				INFOPLIST_FILE = LearningApp/Info.plist;
				IPHONEOS_DEPLOYMENT_TARGET = 14.0;
				LD_RUNPATH_SEARCH_PATHS = (
					"$(inherited)",
					"@executable_path/Frameworks",
				);
				PRODUCT_BUNDLE_IDENTIFIER = gurpreet.LearningApp;
				PRODUCT_NAME = "$(TARGET_NAME)";
				SWIFT_VERSION = 5.0;
				TARGETED_DEVICE_FAMILY = "1,2";
			};
			name = Debug;
		};
		F830DC6C26267DF4007EF684 /* Release */ = {
			isa = XCBuildConfiguration;
			buildSettings = {
				ASSETCATALOG_COMPILER_APPICON_NAME = AppIcon;
				ASSETCATALOG_COMPILER_GLOBAL_ACCENT_COLOR_NAME = AccentColor;
				CODE_SIGN_STYLE = Automatic;
				DEVELOPMENT_ASSET_PATHS = "\"LearningApp/Preview Content\"";
				DEVELOPMENT_TEAM = RUFYYWDHGV;
				ENABLE_PREVIEWS = YES;
				INFOPLIST_FILE = LearningApp/Info.plist;
				IPHONEOS_DEPLOYMENT_TARGET = 14.0;
				LD_RUNPATH_SEARCH_PATHS = (
					"$(inherited)",
					"@executable_path/Frameworks",
				);
				PRODUCT_BUNDLE_IDENTIFIER = gurpreet.LearningApp;
				PRODUCT_NAME = "$(TARGET_NAME)";
				SWIFT_VERSION = 5.0;
				TARGETED_DEVICE_FAMILY = "1,2";
			};
			name = Release;
		};
/* End XCBuildConfiguration section */

/* Begin XCConfigurationList section */
		F830DC5626267DF4007EF684 /* Build configuration list for PBXProject "LearningApp" */ = {
			isa = XCConfigurationList;
			buildConfigurations = (
				F830DC6826267DF4007EF684 /* Debug */,
				F830DC6926267DF4007EF684 /* Release */,
			);
			defaultConfigurationIsVisible = 0;
			defaultConfigurationName = Release;
		};
		F830DC6A26267DF4007EF684 /* Build configuration list for PBXNativeTarget "LearningApp" */ = {
			isa = XCConfigurationList;
			buildConfigurations = (
				F830DC6B26267DF4007EF684 /* Debug */,
				F830DC6C26267DF4007EF684 /* Release */,
			);
			defaultConfigurationIsVisible = 0;
			defaultConfigurationName = Release;
		};
/* End XCConfigurationList section */
	};
	rootObject = F830DC5326267DF4007EF684 /* Project object */;
}
